
Microsoft Visual Studio Solution File, Format Version 12.00
# Visual Studio Version 17
VisualStudioVersion = 17.4.33213.308
MinimumVisualStudioVersion = 10.0.40219.1
Project("{FAE04EC0-301F-11D3-BF4B-00C04F79EFBC}") = "Employees.Domain", "Employee1\Employees.Domain.csproj", "{1A2D320A-C616-4BD5-8811-CD4F3C485115}"
EndProject
Global
	GlobalSection(SolutionConfigurationPlatforms) = preSolution
		Debug|Any CPU = Debug|Any CPU
		Release|Any CPU = Release|Any CPU
	EndGlobalSection
	GlobalSection(ProjectConfigurationPlatforms) = postSolution
		{1A2D320A-C616-4BD5-8811-CD4F3C485115}.Debug|Any CPU.ActiveCfg = Debug|Any CPU
		{1A2D320A-C616-4BD5-8811-CD4F3C485115}.Debug|Any CPU.Build.0 = Debug|Any CPU
		{1A2D320A-C616-4BD5-8811-CD4F3C485115}.Release|Any CPU.ActiveCfg = Release|Any CPU
		{1A2D320A-C616-4BD5-8811-CD4F3C485115}.Release|Any CPU.Build.0 = Release|Any CPU
	EndGlobalSection
	GlobalSection(SolutionProperties) = preSolution
		HideSolutionNode = FALSE
	EndGlobalSection
	GlobalSection(ExtensibilityGlobals) = postSolution
		SolutionGuid = {AE99CCEB-F6DC-4375-9062-7E01CE66D04E}
	EndGlobalSection
EndGlobal
